
Microsoft Visual Studio Solution File, Format Version 12.00
# Visual Studio Version 17
VisualStudioVersion = 17.3.32825.248
MinimumVisualStudioVersion = 10.0.40219.1
Project("{FAE04EC0-301F-11D3-BF4B-00C04F79EFBC}") = "WPF_Painter", "WPF_Painter\WPF_Painter.csproj", "{F004E6C4-8F86-4CF1-8B15-F9C3A8D951DE}"
EndProject
Global
	GlobalSection(SolutionConfigurationPlatforms) = preSolution
		Debug|Any CPU = Debug|Any CPU
		Release|Any CPU = Release|Any CPU
	EndGlobalSection
	GlobalSection(ProjectConfigurationPlatforms) = postSolution
		{F004E6C4-8F86-4CF1-8B15-F9C3A8D951DE}.Debug|Any CPU.ActiveCfg = Debug|Any CPU
		{F004E6C4-8F86-4CF1-8B15-F9C3A8D951DE}.Debug|Any CPU.Build.0 = Debug|Any CPU
		{F004E6C4-8F86-4CF1-8B15-F9C3A8D951DE}.Release|Any CPU.ActiveCfg = Release|Any CPU
		{F004E6C4-8F86-4CF1-8B15-F9C3A8D951DE}.Release|Any CPU.Build.0 = Release|Any CPU
	EndGlobalSection
	GlobalSection(SolutionProperties) = preSolution
		HideSolutionNode = FALSE
	EndGlobalSection
	GlobalSection(ExtensibilityGlobals) = postSolution
		SolutionGuid = {CB3819D9-340A-470D-BBAE-AC2F62A1F725}
	EndGlobalSection
EndGlobal
